
Microsoft Visual Studio Solution File, Format Version 12.00
# Visual Studio 15
Project("{FAE04EC0-301F-11D3-BF4B-00C04F79EFBC}") = "Assembly-CSharp", "Assembly-CSharp.csproj", "{C1BE8368-1F2A-61D5-BAA9-D1139FFADE42}"
EndProject
Project("{FAE04EC0-301F-11D3-BF4B-00C04F79EFBC}") = "PhotonUnityNetworking.Editor", "PhotonUnityNetworking.Editor.csproj", "{9A3A3C42-80CD-7FF9-BA65-AFAFC495FA02}"
EndProject
Project("{FAE04EC0-301F-11D3-BF4B-00C04F79EFBC}") = "PhotonUnityNetworking", "PhotonUnityNetworking.csproj", "{08E7B633-AF9B-CA4E-6610-989019AAABED}"
EndProject
Project("{FAE04EC0-301F-11D3-BF4B-00C04F79EFBC}") = "PhotonUnityNetworking.Demos", "PhotonUnityNetworking.Demos.csproj", "{265FBBC1-4E59-B5CC-E350-A527F03A2DB3}"
EndProject
Project("{FAE04EC0-301F-11D3-BF4B-00C04F79EFBC}") = "PhotonRealtime", "PhotonRealtime.csproj", "{C27C7DFE-5966-F134-06F4-BF0A7AA7B50A}"
EndProject
Project("{FAE04EC0-301F-11D3-BF4B-00C04F79EFBC}") = "PhotonUnityNetworking.Utilities", "PhotonUnityNetworking.Utilities.csproj", "{3B8CD36A-07D4-2FF8-88BA-F4C33649E7B6}"
EndProject
Project("{FAE04EC0-301F-11D3-BF4B-00C04F79EFBC}") = "PunDemos.DemoHubEditor", "PunDemos.DemoHubEditor.csproj", "{BA9EC923-DAC2-93A3-45C6-A5AA64D3F0B2}"
EndProject
Project("{FAE04EC0-301F-11D3-BF4B-00C04F79EFBC}") = "PunDemos.DemoSlotcarEditor", "PunDemos.DemoSlotcarEditor.csproj", "{FA271563-6188-F565-889D-1CC8782809B8}"
EndProject
Project("{FAE04EC0-301F-11D3-BF4B-00C04F79EFBC}") = "PhotonChat", "PhotonChat.csproj", "{D1AC8921-703A-BD04-FB7D-533075830C18}"
EndProject
Project("{FAE04EC0-301F-11D3-BF4B-00C04F79EFBC}") = "PhotonUnityNetworking.Utilities.PhotonPlayer.Editor", "PhotonUnityNetworking.Utilities.PhotonPlayer.Editor.csproj", "{76B5CB51-0087-F8D1-E67A-B741AED97D72}"
EndProject
Project("{FAE04EC0-301F-11D3-BF4B-00C04F79EFBC}") = "PhotonUnityNetworking.Utilities.Culling.Editor", "PhotonUnityNetworking.Utilities.Culling.Editor.csproj", "{7BF719D3-5144-0FFE-9DE2-784DBF09740A}"
EndProject
Project("{FAE04EC0-301F-11D3-BF4B-00C04F79EFBC}") = "Assembly-CSharp-Editor", "Assembly-CSharp-Editor.csproj", "{88A10F74-791C-F5CD-E541-9EE331D2934F}"
EndProject
Global
	GlobalSection(SolutionConfigurationPlatforms) = preSolution
		Debug|Any CPU = Debug|Any CPU
		Release|Any CPU = Release|Any CPU
	EndGlobalSection
	GlobalSection(ProjectConfigurationPlatforms) = postSolution
		{C1BE8368-1F2A-61D5-BAA9-D1139FFADE42}.Debug|Any CPU.ActiveCfg = Debug|Any CPU
		{C1BE8368-1F2A-61D5-BAA9-D1139FFADE42}.Debug|Any CPU.Build.0 = Debug|Any CPU
		{C1BE8368-1F2A-61D5-BAA9-D1139FFADE42}.Release|Any CPU.ActiveCfg = Release|Any CPU
		{C1BE8368-1F2A-61D5-BAA9-D1139FFADE42}.Release|Any CPU.Build.0 = Release|Any CPU
		{9A3A3C42-80CD-7FF9-BA65-AFAFC495FA02}.Debug|Any CPU.ActiveCfg = Debug|Any CPU
		{9A3A3C42-80CD-7FF9-BA65-AFAFC495FA02}.Debug|Any CPU.Build.0 = Debug|Any CPU
		{9A3A3C42-80CD-7FF9-BA65-AFAFC495FA02}.Release|Any CPU.ActiveCfg = Release|Any CPU
		{9A3A3C42-80CD-7FF9-BA65-AFAFC495FA02}.Release|Any CPU.Build.0 = Release|Any CPU
		{08E7B633-AF9B-CA4E-6610-989019AAABED}.Debug|Any CPU.ActiveCfg = Debug|Any CPU
		{08E7B633-AF9B-CA4E-6610-989019AAABED}.Debug|Any CPU.Build.0 = Debug|Any CPU
		{08E7B633-AF9B-CA4E-6610-989019AAABED}.Release|Any CPU.ActiveCfg = Release|Any CPU
		{08E7B633-AF9B-CA4E-6610-989019AAABED}.Release|Any CPU.Build.0 = Release|Any CPU
		{265FBBC1-4E59-B5CC-E350-A527F03A2DB3}.Debug|Any CPU.ActiveCfg = Debug|Any CPU
		{265FBBC1-4E59-B5CC-E350-A527F03A2DB3}.Debug|Any CPU.Build.0 = Debug|Any CPU
		{265FBBC1-4E59-B5CC-E350-A527F03A2DB3}.Release|Any CPU.ActiveCfg = Release|Any CPU
		{265FBBC1-4E59-B5CC-E350-A527F03A2DB3}.Release|Any CPU.Build.0 = Release|Any CPU
		{C27C7DFE-5966-F134-06F4-BF0A7AA7B50A}.Debug|Any CPU.ActiveCfg = Debug|Any CPU
		{C27C7DFE-5966-F134-06F4-BF0A7AA7B50A}.Debug|Any CPU.Build.0 = Debug|Any CPU
		{C27C7DFE-5966-F134-06F4-BF0A7AA7B50A}.Release|Any CPU.ActiveCfg = Release|Any CPU
		{C27C7DFE-5966-F134-06F4-BF0A7AA7B50A}.Release|Any CPU.Build.0 = Release|Any CPU
		{3B8CD36A-07D4-2FF8-88BA-F4C33649E7B6}.Debug|Any CPU.ActiveCfg = Debug|Any CPU
		{3B8CD36A-07D4-2FF8-88BA-F4C33649E7B6}.Debug|Any CPU.Build.0 = Debug|Any CPU
		{3B8CD36A-07D4-2FF8-88BA-F4C33649E7B6}.Release|Any CPU.ActiveCfg = Release|Any CPU
		{3B8CD36A-07D4-2FF8-88BA-F4C33649E7B6}.Release|Any CPU.Build.0 = Release|Any CPU
		{BA9EC923-DAC2-93A3-45C6-A5AA64D3F0B2}.Debug|Any CPU.ActiveCfg = Debug|Any CPU
		{BA9EC923-DAC2-93A3-45C6-A5AA64D3F0B2}.Debug|Any CPU.Build.0 = Debug|Any CPU
		{BA9EC923-DAC2-93A3-45C6-A5AA64D3F0B2}.Release|Any CPU.ActiveCfg = Release|Any CPU
		{BA9EC923-DAC2-93A3-45C6-A5AA64D3F0B2}.Release|Any CPU.Build.0 = Release|Any CPU
		{FA271563-6188-F565-889D-1CC8782809B8}.Debug|Any CPU.ActiveCfg = Debug|Any CPU
		{FA271563-6188-F565-889D-1CC8782809B8}.Debug|Any CPU.Build.0 = Debug|Any CPU
		{FA271563-6188-F565-889D-1CC8782809B8}.Release|Any CPU.ActiveCfg = Release|Any CPU
		{FA271563-6188-F565-889D-1CC8782809B8}.Release|Any CPU.Build.0 = Release|Any CPU
		{D1AC8921-703A-BD04-FB7D-533075830C18}.Debug|Any CPU.ActiveCfg = Debug|Any CPU
		{D1AC8921-703A-BD04-FB7D-533075830C18}.Debug|Any CPU.Build.0 = Debug|Any CPU
		{D1AC8921-703A-BD04-FB7D-533075830C18}.Release|Any CPU.ActiveCfg = Release|Any CPU
		{D1AC8921-703A-BD04-FB7D-533075830C18}.Release|Any CPU.Build.0 = Release|Any CPU
		{76B5CB51-0087-F8D1-E67A-B741AED97D72}.Debug|Any CPU.ActiveCfg = Debug|Any CPU
		{76B5CB51-0087-F8D1-E67A-B741AED97D72}.Debug|Any CPU.Build.0 = Debug|Any CPU
		{76B5CB51-0087-F8D1-E67A-B741AED97D72}.Release|Any CPU.ActiveCfg = Release|Any CPU
		{76B5CB51-0087-F8D1-E67A-B741AED97D72}.Release|Any CPU.Build.0 = Release|Any CPU
		{7BF719D3-5144-0FFE-9DE2-784DBF09740A}.Debug|Any CPU.ActiveCfg = Debug|Any CPU
		{7BF719D3-5144-0FFE-9DE2-784DBF09740A}.Debug|Any CPU.Build.0 = Debug|Any CPU
		{7BF719D3-5144-0FFE-9DE2-784DBF09740A}.Release|Any CPU.ActiveCfg = Release|Any CPU
		{7BF719D3-5144-0FFE-9DE2-784DBF09740A}.Release|Any CPU.Build.0 = Release|Any CPU
		{88A10F74-791C-F5CD-E541-9EE331D2934F}.Debug|Any CPU.ActiveCfg = Debug|Any CPU
		{88A10F74-791C-F5CD-E541-9EE331D2934F}.Debug|Any CPU.Build.0 = Debug|Any CPU
		{88A10F74-791C-F5CD-E541-9EE331D2934F}.Release|Any CPU.ActiveCfg = Release|Any CPU
		{88A10F74-791C-F5CD-E541-9EE331D2934F}.Release|Any CPU.Build.0 = Release|Any CPU
	EndGlobalSection
	GlobalSection(SolutionProperties) = preSolution
		HideSolutionNode = FALSE
	EndGlobalSection
EndGlobal
